// !$*UTF8*$!
{
	archiveVersion = 1;
	classes = {
	};
	objectVersion = 77;
	objects = {

/* Begin PBXContainerItemProxy section */
		ACDAB99B2EBEBB2C00070E20 /* PBXContainerItemProxy */ = {
			isa = PBXContainerItemProxy;
			containerPortal = ACDAB9852EBEBB2800070E20 /* Project object */;
			proxyType = 1;
			remoteGlobalIDString = ACDAB98C2EBEBB2800070E20;
			remoteInfo = ScratchCard;
		};
		ACDAB9A52EBEBB2C00070E20 /* PBXContainerItemProxy */ = {
			isa = PBXContainerItemProxy;
			containerPortal = ACDAB9852EBEBB2800070E20 /* Project object */;
			proxyType = 1;
			remoteGlobalIDString = ACDAB98C2EBEBB2800070E20;
			remoteInfo = ScratchCard;
		};
/* End PBXContainerItemProxy section */

/* Begin PBXFileReference section */
		ACDAB98D2EBEBB2800070E20 /* ScratchCard.app */ = {isa = PBXFileReference; explicitFileType = wrapper.application; includeInIndex = 0; path = ScratchCard.app; sourceTree = BUILT_PRODUCTS_DIR; };
		ACDAB99A2EBEBB2C00070E20 /* ScratchCardTests.xctest */ = {isa = PBXFileReference; explicitFileType = wrapper.cfbundle; includeInIndex = 0; path = ScratchCardTests.xctest; sourceTree = BUILT_PRODUCTS_DIR; };
		ACDAB9A42EBEBB2C00070E20 /* ScratchCardUITests.xctest */ = {isa = PBXFileReference; explicitFileType = wrapper.cfbundle; includeInIndex = 0; path = ScratchCardUITests.xctest; sourceTree = BUILT_PRODUCTS_DIR; };
/* End PBXFileReference section */

/* Begin PBXFileSystemSynchronizedRootGroup section */
		ACDAB98F2EBEBB2800070E20 /* ScratchCard */ = {
			isa = PBXFileSystemSynchronizedRootGroup;
			path = ScratchCard;
			sourceTree = "<group>";
		};
		ACDAB99D2EBEBB2C00070E20 /* ScratchCardTests */ = {
			isa = PBXFileSystemSynchronizedRootGroup;
			path = ScratchCardTests;
			sourceTree = "<group>";
		};
		ACDAB9A72EBEBB2C00070E20 /* ScratchCardUITests */ = {
			isa = PBXFileSystemSynchronizedRootGroup;
			path = ScratchCardUITests;
			sourceTree = "<group>";
		};
/* End PBXFileSystemSynchronizedRootGroup section */

/* Begin PBXFrameworksBuildPhase section */
		ACDAB98A2EBEBB2800070E20 /* Frameworks */ = {
			isa = PBXFrameworksBuildPhase;
			buildActionMask = 2147483647;
			files = (
			);
			runOnlyForDeploymentPostprocessing = 0;
		};
		ACDAB9972EBEBB2C00070E20 /* Frameworks */ = {
			isa = PBXFrameworksBuildPhase;
			buildActionMask = 2147483647;
			files = (
			);
			runOnlyForDeploymentPostprocessing = 0;
		};
		ACDAB9A12EBEBB2C00070E20 /* Frameworks */ = {
			isa = PBXFrameworksBuildPhase;
			buildActionMask = 2147483647;
			files = (
			);
			runOnlyForDeploymentPostprocessing = 0;
		};
/* End PBXFrameworksBuildPhase section */

/* Begin PBXGroup section */
		ACDAB9842EBEBB2800070E20 = {
			isa = PBXGroup;
			children = (
				ACDAB98F2EBEBB2800070E20 /* ScratchCard */,
				ACDAB99D2EBEBB2C00070E20 /* ScratchCardTests */,
				ACDAB9A72EBEBB2C00070E20 /* ScratchCardUITests */,
				ACDAB98E2EBEBB2800070E20 /* Products */,
			);
			sourceTree = "<group>";
		};
		ACDAB98E2EBEBB2800070E20 /* Products */ = {
			isa = PBXGroup;
			children = (
				ACDAB98D2EBEBB2800070E20 /* ScratchCard.app */,
				ACDAB99A2EBEBB2C00070E20 /* ScratchCardTests.xctest */,
				ACDAB9A42EBEBB2C00070E20 /* ScratchCardUITests.xctest */,
			);
			name = Products;
			sourceTree = "<group>";
		};
/* End PBXGroup section */

/* Begin PBXNativeTarget section */
		ACDAB98C2EBEBB2800070E20 /* ScratchCard */ = {
			isa = PBXNativeTarget;
			buildConfigurationList = ACDAB9AE2EBEBB2C00070E20 /* Build configuration list for PBXNativeTarget "ScratchCard" */;
			buildPhases = (
				ACDAB9892EBEBB2800070E20 /* Sources */,
				ACDAB98A2EBEBB2800070E20 /* Frameworks */,
				ACDAB98B2EBEBB2800070E20 /* Resources */,
			);
			buildRules = (
			);
			dependencies = (
			);
			fileSystemSynchronizedGroups = (
				ACDAB98F2EBEBB2800070E20 /* ScratchCard */,
			);
			name = ScratchCard;
			packageProductDependencies = (
			);
			productName = ScratchCard;
			productReference = ACDAB98D2EBEBB2800070E20 /* ScratchCard.app */;
			productType = "com.apple.product-type.application";
		};
		ACDAB9992EBEBB2C00070E20 /* ScratchCardTests */ = {
			isa = PBXNativeTarget;
			buildConfigurationList = ACDAB9B12EBEBB2C00070E20 /* Build configuration list for PBXNativeTarget "ScratchCardTests" */;
			buildPhases = (
				ACDAB9962EBEBB2C00070E20 /* Sources */,
				ACDAB9972EBEBB2C00070E20 /* Frameworks */,
				ACDAB9982EBEBB2C00070E20 /* Resources */,
			);
			buildRules = (
			);
			dependencies = (
				ACDAB99C2EBEBB2C00070E20 /* PBXTargetDependency */,
			);
			fileSystemSynchronizedGroups = (
				ACDAB99D2EBEBB2C00070E20 /* ScratchCardTests */,
			);
			name = ScratchCardTests;
			packageProductDependencies = (
			);
			productName = ScratchCardTests;
			productReference = ACDAB99A2EBEBB2C00070E20 /* ScratchCardTests.xctest */;
			productType = "com.apple.product-type.bundle.unit-test";
		};
		ACDAB9A32EBEBB2C00070E20 /* ScratchCardUITests */ = {
			isa = PBXNativeTarget;
			buildConfigurationList = ACDAB9B42EBEBB2C00070E20 /* Build configuration list for PBXNativeTarget "ScratchCardUITests" */;
			buildPhases = (
				ACDAB9A02EBEBB2C00070E20 /* Sources */,
				ACDAB9A12EBEBB2C00070E20 /* Frameworks */,
				ACDAB9A22EBEBB2C00070E20 /* Resources */,
			);
			buildRules = (
			);
			dependencies = (
				ACDAB9A62EBEBB2C00070E20 /* PBXTargetDependency */,
			);
			fileSystemSynchronizedGroups = (
				ACDAB9A72EBEBB2C00070E20 /* ScratchCardUITests */,
			);
			name = ScratchCardUITests;
			packageProductDependencies = (
			);
			productName = ScratchCardUITests;
			productReference = ACDAB9A42EBEBB2C00070E20 /* ScratchCardUITests.xctest */;
			productType = "com.apple.product-type.bundle.ui-testing";
		};
/* End PBXNativeTarget section */

/* Begin PBXProject section */
		ACDAB9852EBEBB2800070E20 /* Project object */ = {
			isa = PBXProject;
			attributes = {
				BuildIndependentTargetsInParallel = 1;
				LastSwiftUpdateCheck = 1640;
				LastUpgradeCheck = 1640;
				TargetAttributes = {
					ACDAB98C2EBEBB2800070E20 = {
						CreatedOnToolsVersion = 16.4;
					};
					ACDAB9992EBEBB2C00070E20 = {
						CreatedOnToolsVersion = 16.4;
						TestTargetID = ACDAB98C2EBEBB2800070E20;
					};
					ACDAB9A32EBEBB2C00070E20 = {
						CreatedOnToolsVersion = 16.4;
						TestTargetID = ACDAB98C2EBEBB2800070E20;
					};
				};
			};
			buildConfigurationList = ACDAB9882EBEBB2800070E20 /* Build configuration list for PBXProject "ScratchCard" */;
			developmentRegion = en;
			hasScannedForEncodings = 0;
			knownRegions = (
				en,
				Base,
			);
			mainGroup = ACDAB9842EBEBB2800070E20;
			minimizedProjectReferenceProxies = 1;
			preferredProjectObjectVersion = 77;
			productRefGroup = ACDAB98E2EBEBB2800070E20 /* Products */;
			projectDirPath = "";
			projectRoot = "";
			targets = (
				ACDAB98C2EBEBB2800070E20 /* ScratchCard */,
				ACDAB9992EBEBB2C00070E20 /* ScratchCardTests */,
				ACDAB9A32EBEBB2C00070E20 /* ScratchCardUITests */,
			);
		};
/* End PBXProject section */

/* Begin PBXResourcesBuildPhase section */
		ACDAB98B2EBEBB2800070E20 /* Resources */ = {
			isa = PBXResourcesBuildPhase;
			buildActionMask = 2147483647;
			files = (
			);
			runOnlyForDeploymentPostprocessing = 0;
		};
		ACDAB9982EBEBB2C00070E20 /* Resources */ = {
			isa = PBXResourcesBuildPhase;
			buildActionMask = 2147483647;
			files = (
			);
			runOnlyForDeploymentPostprocessing = 0;
		};
		ACDAB9A22EBEBB2C00070E20 /* Resources */ = {
			isa = PBXResourcesBuildPhase;
			buildActionMask = 2147483647;
			files = (
			);
			runOnlyForDeploymentPostprocessing = 0;
		};
/* End PBXResourcesBuildPhase section */

/* Begin PBXSourcesBuildPhase section */
		ACDAB9892EBEBB2800070E20 /* Sources */ = {
			isa = PBXSourcesBuildPhase;
			buildActionMask = 2147483647;
			files = (
			);
			runOnlyForDeploymentPostprocessing = 0;
		};
		ACDAB9962EBEBB2C00070E20 /* Sources */ = {
			isa = PBXSourcesBuildPhase;
			buildActionMask = 2147483647;
			files = (
			);
			runOnlyForDeploymentPostprocessing = 0;
		};
		ACDAB9A02EBEBB2C00070E20 /* Sources */ = {
			isa = PBXSourcesBuildPhase;
			buildActionMask = 2147483647;
			files = (
			);
			runOnlyForDeploymentPostprocessing = 0;
		};
/* End PBXSourcesBuildPhase section */

/* Begin PBXTargetDependency section */
		ACDAB99C2EBEBB2C00070E20 /* PBXTargetDependency */ = {
			isa = PBXTargetDependency;
			target = ACDAB98C2EBEBB2800070E20 /* ScratchCard */;
			targetProxy = ACDAB99B2EBEBB2C00070E20 /* PBXContainerItemProxy */;
		};
		ACDAB9A62EBEBB2C00070E20 /* PBXTargetDependency */ = {
			isa = PBXTargetDependency;
			target = ACDAB98C2EBEBB2800070E20 /* ScratchCard */;
			targetProxy = ACDAB9A52EBEBB2C00070E20 /* PBXContainerItemProxy */;
		};
/* End PBXTargetDependency section */

/* Begin XCBuildConfiguration section */
		ACDAB9AC2EBEBB2C00070E20 /* Debug */ = {
			isa = XCBuildConfiguration;
			buildSettings = {
				ALWAYS_SEARCH_USER_PATHS = NO;
				ASSETCATALOG_COMPILER_GENERATE_SWIFT_ASSET_SYMBOL_EXTENSIONS = YES;
				CLANG_ANALYZER_NONNULL = YES;
				CLANG_ANALYZER_NUMBER_OBJECT_CONVERSION = YES_AGGRESSIVE;
				CLANG_CXX_LANGUAGE_STANDARD = "gnu++20";
				CLANG_ENABLE_MODULES = YES;
				CLANG_ENABLE_OBJC_ARC = YES;
				CLANG_ENABLE_OBJC_WEAK = YES;
				CLANG_WARN_BLOCK_CAPTURE_AUTORELEASING = YES;
				CLANG_WARN_BOOL_CONVERSION = YES;
				CLANG_WARN_COMMA = YES;
				CLANG_WARN_CONSTANT_CONVERSION = YES;
				CLANG_WARN_DEPRECATED_OBJC_IMPLEMENTATIONS = YES;
				CLANG_WARN_DIRECT_OBJC_ISA_USAGE = YES_ERROR;
				CLANG_WARN_DOCUMENTATION_COMMENTS = YES;
				CLANG_WARN_EMPTY_BODY = YES;
				CLANG_WARN_ENUM_CONVERSION = YES;
				CLANG_WARN_INFINITE_RECURSION = YES;
				CLANG_WARN_INT_CONVERSION = YES;
				CLANG_WARN_NON_LITERAL_NULL_CONVERSION = YES;
				CLANG_WARN_OBJC_IMPLICIT_RETAIN_SELF = YES;
				CLANG_WARN_OBJC_LITERAL_CONVERSION = YES;
				CLANG_WARN_OBJC_ROOT_CLASS = YES_ERROR;
				CLANG_WARN_QUOTED_INCLUDE_IN_FRAMEWORK_HEADER = YES;
				CLANG_WARN_RANGE_LOOP_ANALYSIS = YES;
				CLANG_WARN_STRICT_PROTOTYPES = YES;
				CLANG_WARN_SUSPICIOUS_MOVE = YES;
				CLANG_WARN_UNGUARDED_AVAILABILITY = YES_AGGRESSIVE;
				CLANG_WARN_UNREACHABLE_CODE = YES;
				CLANG_WARN__DUPLICATE_METHOD_MATCH = YES;
				COPY_PHASE_STRIP = NO;
				DEBUG_INFORMATION_FORMAT = dwarf;
				DEVELOPMENT_TEAM = 56V48JCQ6D;
				ENABLE_STRICT_OBJC_MSGSEND = YES;
				ENABLE_TESTABILITY = YES;
				ENABLE_USER_SCRIPT_SANDBOXING = YES;
				GCC_C_LANGUAGE_STANDARD = gnu17;
				GCC_DYNAMIC_NO_PIC = NO;
				GCC_NO_COMMON_BLOCKS = YES;
				GCC_OPTIMIZATION_LEVEL = 0;
				GCC_PREPROCESSOR_DEFINITIONS = (
					"DEBUG=1",
					"$(inherited)",
				);
				GCC_WARN_64_TO_32_BIT_CONVERSION = YES;
				GCC_WARN_ABOUT_RETURN_TYPE = YES_ERROR;
				GCC_WARN_UNDECLARED_SELECTOR = YES;
				GCC_WARN_UNINITIALIZED_AUTOS = YES_AGGRESSIVE;
				GCC_WARN_UNUSED_FUNCTION = YES;
				GCC_WARN_UNUSED_VARIABLE = YES;
				IPHONEOS_DEPLOYMENT_TARGET = 18.5;
				LOCALIZATION_PREFERS_STRING_CATALOGS = YES;
				MTL_ENABLE_DEBUG_INFO = INCLUDE_SOURCE;
				MTL_FAST_MATH = YES;
				ONLY_ACTIVE_ARCH = YES;
				SDKROOT = iphoneos;
				SWIFT_ACTIVE_COMPILATION_CONDITIONS = "DEBUG $(inherited)";
				SWIFT_OPTIMIZATION_LEVEL = "-Onone";
			};
			name = Debug;
		};
		ACDAB9AD2EBEBB2C00070E20 /* Release */ = {
			isa = XCBuildConfiguration;
			buildSettings = {
				ALWAYS_SEARCH_USER_PATHS = NO;
				ASSETCATALOG_COMPILER_GENERATE_SWIFT_ASSET_SYMBOL_EXTENSIONS = YES;
				CLANG_ANALYZER_NONNULL = YES;
				CLANG_ANALYZER_NUMBER_OBJECT_CONVERSION = YES_AGGRESSIVE;
				CLANG_CXX_LANGUAGE_STANDARD = "gnu++20";
				CLANG_ENABLE_MODULES = YES;
				CLANG_ENABLE_OBJC_ARC = YES;
				CLANG_ENABLE_OBJC_WEAK = YES;
				CLANG_WARN_BLOCK_CAPTURE_AUTORELEASING = YES;
				CLANG_WARN_BOOL_CONVERSION = YES;
				CLANG_WARN_COMMA = YES;
				CLANG_WARN_CONSTANT_CONVERSION = YES;
				CLANG_WARN_DEPRECATED_OBJC_IMPLEMENTATIONS = YES;
				CLANG_WARN_DIRECT_OBJC_ISA_USAGE = YES_ERROR;
				CLANG_WARN_DOCUMENTATION_COMMENTS = YES;
				CLANG_WARN_EMPTY_BODY = YES;
				CLANG_WARN_ENUM_CONVERSION = YES;
				CLANG_WARN_INFINITE_RECURSION = YES;
				CLANG_WARN_INT_CONVERSION = YES;
				CLANG_WARN_NON_LITERAL_NULL_CONVERSION = YES;
				CLANG_WARN_OBJC_IMPLICIT_RETAIN_SELF = YES;
				CLANG_WARN_OBJC_LITERAL_CONVERSION = YES;
				CLANG_WARN_OBJC_ROOT_CLASS = YES_ERROR;
				CLANG_WARN_QUOTED_INCLUDE_IN_FRAMEWORK_HEADER = YES;
				CLANG_WARN_RANGE_LOOP_ANALYSIS = YES;
				CLANG_WARN_STRICT_PROTOTYPES = YES;
				CLANG_WARN_SUSPICIOUS_MOVE = YES;
				CLANG_WARN_UNGUARDED_AVAILABILITY = YES_AGGRESSIVE;
				CLANG_WARN_UNREACHABLE_CODE = YES;
				CLANG_WARN__DUPLICATE_METHOD_MATCH = YES;
				COPY_PHASE_STRIP = NO;
				DEBUG_INFORMATION_FORMAT = "dwarf-with-dsym";
				DEVELOPMENT_TEAM = 56V48JCQ6D;
				ENABLE_NS_ASSERTIONS = NO;
				ENABLE_STRICT_OBJC_MSGSEND = YES;
				ENABLE_USER_SCRIPT_SANDBOXING = YES;
				GCC_C_LANGUAGE_STANDARD = gnu17;
				GCC_NO_COMMON_BLOCKS = YES;
				GCC_WARN_64_TO_32_BIT_CONVERSION = YES;
				GCC_WARN_ABOUT_RETURN_TYPE = YES_ERROR;
				GCC_WARN_UNDECLARED_SELECTOR = YES;
				GCC_WARN_UNINITIALIZED_AUTOS = YES_AGGRESSIVE;
				GCC_WARN_UNUSED_FUNCTION = YES;
				GCC_WARN_UNUSED_VARIABLE = YES;
				IPHONEOS_DEPLOYMENT_TARGET = 18.5;
				LOCALIZATION_PREFERS_STRING_CATALOGS = YES;
				MTL_ENABLE_DEBUG_INFO = NO;
				MTL_FAST_MATH = YES;
				SDKROOT = iphoneos;
				SWIFT_COMPILATION_MODE = wholemodule;
				VALIDATE_PRODUCT = YES;
			};
			name = Release;
		};
		ACDAB9AF2EBEBB2C00070E20 /* Debug */ = {
			isa = XCBuildConfiguration;
			buildSettings = {
				ASSETCATALOG_COMPILER_APPICON_NAME = AppIcon;
				ASSETCATALOG_COMPILER_GLOBAL_ACCENT_COLOR_NAME = AccentColor;
				CODE_SIGN_STYLE = Automatic;
				CURRENT_PROJECT_VERSION = 1;
				DEVELOPMENT_TEAM = 56V48JCQ6D;
				ENABLE_PREVIEWS = YES;
				GENERATE_INFOPLIST_FILE = YES;
				INFOPLIST_KEY_UIApplicationSceneManifest_Generation = YES;
				INFOPLIST_KEY_UIApplicationSupportsIndirectInputEvents = YES;
				INFOPLIST_KEY_UILaunchScreen_Generation = YES;
				INFOPLIST_KEY_UISupportedInterfaceOrientations_iPad = "UIInterfaceOrientationPortrait UIInterfaceOrientationPortraitUpsideDown UIInterfaceOrientationLandscapeLeft UIInterfaceOrientationLandscapeRight";
				INFOPLIST_KEY_UISupportedInterfaceOrientations_iPhone = "UIInterfaceOrientationPortrait UIInterfaceOrientationLandscapeLeft UIInterfaceOrientationLandscapeRight";
				LD_RUNPATH_SEARCH_PATHS = (
					"$(inherited)",
					"@executable_path/Frameworks",
				);
				MARKETING_VERSION = 1.0;
				PRODUCT_BUNDLE_IDENTIFIER = com.zentity.o2.assignment.ScratchCard;
				PRODUCT_NAME = "$(TARGET_NAME)";
				SWIFT_EMIT_LOC_STRINGS = YES;
				SWIFT_VERSION = 5.0;
				TARGETED_DEVICE_FAMILY = "1,2";
			};
			name = Debug;
		};
		ACDAB9B02EBEBB2C00070E20 /* Release */ = {
			isa = XCBuildConfiguration;
			buildSettings = {
				ASSETCATALOG_COMPILER_APPICON_NAME = AppIcon;
				ASSETCATALOG_COMPILER_GLOBAL_ACCENT_COLOR_NAME = AccentColor;
				CODE_SIGN_STYLE = Automatic;
				CURRENT_PROJECT_VERSION = 1;
				DEVELOPMENT_TEAM = 56V48JCQ6D;
				ENABLE_PREVIEWS = YES;
				GENERATE_INFOPLIST_FILE = YES;
				INFOPLIST_KEY_UIApplicationSceneManifest_Generation = YES;
				INFOPLIST_KEY_UIApplicationSupportsIndirectInputEvents = YES;
				INFOPLIST_KEY_UILaunchScreen_Generation = YES;
				INFOPLIST_KEY_UISupportedInterfaceOrientations_iPad = "UIInterfaceOrientationPortrait UIInterfaceOrientationPortraitUpsideDown UIInterfaceOrientationLandscapeLeft UIInterfaceOrientationLandscapeRight";
				INFOPLIST_KEY_UISupportedInterfaceOrientations_iPhone = "UIInterfaceOrientationPortrait UIInterfaceOrientationLandscapeLeft UIInterfaceOrientationLandscapeRight";
				LD_RUNPATH_SEARCH_PATHS = (
					"$(inherited)",
					"@executable_path/Frameworks",
				);
				MARKETING_VERSION = 1.0;
				PRODUCT_BUNDLE_IDENTIFIER = com.zentity.o2.assignment.ScratchCard;
				PRODUCT_NAME = "$(TARGET_NAME)";
				SWIFT_EMIT_LOC_STRINGS = YES;
				SWIFT_VERSION = 5.0;
				TARGETED_DEVICE_FAMILY = "1,2";
			};
			name = Release;
		};
		ACDAB9B22EBEBB2C00070E20 /* Debug */ = {
			isa = XCBuildConfiguration;
			buildSettings = {
				BUNDLE_LOADER = "$(TEST_HOST)";
				CODE_SIGN_STYLE = Automatic;
				CURRENT_PROJECT_VERSION = 1;
				DEVELOPMENT_TEAM = 56V48JCQ6D;
				GENERATE_INFOPLIST_FILE = YES;
				IPHONEOS_DEPLOYMENT_TARGET = 18.5;
				MARKETING_VERSION = 1.0;
				PRODUCT_BUNDLE_IDENTIFIER = com.zentity.o2.assignment.ScratchCardTests;
				PRODUCT_NAME = "$(TARGET_NAME)";
				SWIFT_EMIT_LOC_STRINGS = NO;
				SWIFT_VERSION = 5.0;
				TARGETED_DEVICE_FAMILY = "1,2";
				TEST_HOST = "$(BUILT_PRODUCTS_DIR)/ScratchCard.app/$(BUNDLE_EXECUTABLE_FOLDER_PATH)/ScratchCard";
			};
			name = Debug;
		};
		ACDAB9B32EBEBB2C00070E20 /* Release */ = {
			isa = XCBuildConfiguration;
			buildSettings = {
				BUNDLE_LOADER = "$(TEST_HOST)";
				CODE_SIGN_STYLE = Automatic;
				CURRENT_PROJECT_VERSION = 1;
				DEVELOPMENT_TEAM = 56V48JCQ6D;
				GENERATE_INFOPLIST_FILE = YES;
				IPHONEOS_DEPLOYMENT_TARGET = 18.5;
				MARKETING_VERSION = 1.0;
				PRODUCT_BUNDLE_IDENTIFIER = com.zentity.o2.assignment.ScratchCardTests;
				PRODUCT_NAME = "$(TARGET_NAME)";
				SWIFT_EMIT_LOC_STRINGS = NO;
				SWIFT_VERSION = 5.0;
				TARGETED_DEVICE_FAMILY = "1,2";
				TEST_HOST = "$(BUILT_PRODUCTS_DIR)/ScratchCard.app/$(BUNDLE_EXECUTABLE_FOLDER_PATH)/ScratchCard";
			};
			name = Release;
		};
		ACDAB9B52EBEBB2C00070E20 /* Debug */ = {
			isa = XCBuildConfiguration;
			buildSettings = {
				CODE_SIGN_STYLE = Automatic;
				CURRENT_PROJECT_VERSION = 1;
				DEVELOPMENT_TEAM = 56V48JCQ6D;
				GENERATE_INFOPLIST_FILE = YES;
				MARKETING_VERSION = 1.0;
				PRODUCT_BUNDLE_IDENTIFIER = com.zentity.o2.assignment.ScratchCardUITests;
				PRODUCT_NAME = "$(TARGET_NAME)";
				SWIFT_EMIT_LOC_STRINGS = NO;
				SWIFT_VERSION = 5.0;
				TARGETED_DEVICE_FAMILY = "1,2";
				TEST_TARGET_NAME = ScratchCard;
			};
			name = Debug;
		};
		ACDAB9B62EBEBB2C00070E20 /* Release */ = {
			isa = XCBuildConfiguration;
			buildSettings = {
				CODE_SIGN_STYLE = Automatic;
				CURRENT_PROJECT_VERSION = 1;
				DEVELOPMENT_TEAM = 56V48JCQ6D;
				GENERATE_INFOPLIST_FILE = YES;
				MARKETING_VERSION = 1.0;
				PRODUCT_BUNDLE_IDENTIFIER = com.zentity.o2.assignment.ScratchCardUITests;
				PRODUCT_NAME = "$(TARGET_NAME)";
				SWIFT_EMIT_LOC_STRINGS = NO;
				SWIFT_VERSION = 5.0;
				TARGETED_DEVICE_FAMILY = "1,2";
				TEST_TARGET_NAME = ScratchCard;
			};
			name = Release;
		};
/* End XCBuildConfiguration section */

/* Begin XCConfigurationList section */
		ACDAB9882EBEBB2800070E20 /* Build configuration list for PBXProject "ScratchCard" */ = {
			isa = XCConfigurationList;
			buildConfigurations = (
				ACDAB9AC2EBEBB2C00070E20 /* Debug */,
				ACDAB9AD2EBEBB2C00070E20 /* Release */,
			);
			defaultConfigurationIsVisible = 0;
			defaultConfigurationName = Release;
		};
		ACDAB9AE2EBEBB2C00070E20 /* Build configuration list for PBXNativeTarget "ScratchCard" */ = {
			isa = XCConfigurationList;
			buildConfigurations = (
				ACDAB9AF2EBEBB2C00070E20 /* Debug */,
				ACDAB9B02EBEBB2C00070E20 /* Release */,
			);
			defaultConfigurationIsVisible = 0;
			defaultConfigurationName = Release;
		};
		ACDAB9B12EBEBB2C00070E20 /* Build configuration list for PBXNativeTarget "ScratchCardTests" */ = {
			isa = XCConfigurationList;
			buildConfigurations = (
				ACDAB9B22EBEBB2C00070E20 /* Debug */,
				ACDAB9B32EBEBB2C00070E20 /* Release */,
			);
			defaultConfigurationIsVisible = 0;
			defaultConfigurationName = Release;
		};
		ACDAB9B42EBEBB2C00070E20 /* Build configuration list for PBXNativeTarget "ScratchCardUITests" */ = {
			isa = XCConfigurationList;
			buildConfigurations = (
				ACDAB9B52EBEBB2C00070E20 /* Debug */,
				ACDAB9B62EBEBB2C00070E20 /* Release */,
			);
			defaultConfigurationIsVisible = 0;
			defaultConfigurationName = Release;
		};
/* End XCConfigurationList section */
	};
	rootObject = ACDAB9852EBEBB2800070E20 /* Project object */;
}
